
Microsoft Visual Studio Solution File, Format Version 12.00
# Visual Studio Version 16
VisualStudioVersion = 16.0.30804.86
MinimumVisualStudioVersion = 10.0.40219.1
Project("{9A19103F-16F7-4668-BE54-9A1E7A4F7556}") = "Area de estudo", "Area de estudo\Area de estudo.csproj", "{9C558BAA-AF05-44F5-8238-6C2D9B627F8E}"
EndProject
Global
	GlobalSection(SolutionConfigurationPlatforms) = preSolution
		Debug|Any CPU = Debug|Any CPU
		Release|Any CPU = Release|Any CPU
	EndGlobalSection
	GlobalSection(ProjectConfigurationPlatforms) = postSolution
		{9C558BAA-AF05-44F5-8238-6C2D9B627F8E}.Debug|Any CPU.ActiveCfg = Debug|Any CPU
		{9C558BAA-AF05-44F5-8238-6C2D9B627F8E}.Debug|Any CPU.Build.0 = Debug|Any CPU
		{9C558BAA-AF05-44F5-8238-6C2D9B627F8E}.Release|Any CPU.ActiveCfg = Release|Any CPU
		{9C558BAA-AF05-44F5-8238-6C2D9B627F8E}.Release|Any CPU.Build.0 = Release|Any CPU
	EndGlobalSection
	GlobalSection(SolutionProperties) = preSolution
		HideSolutionNode = FALSE
	EndGlobalSection
	GlobalSection(ExtensibilityGlobals) = postSolution
		SolutionGuid = {6A8C180C-19AC-4841-AE18-506C16D448CA}
	EndGlobalSection
EndGlobal
