
Microsoft Visual Studio Solution File, Format Version 12.00
# Visual Studio Version 16
VisualStudioVersion = 16.0.30804.86
MinimumVisualStudioVersion = 10.0.40219.1
Project("{FAE04EC0-301F-11D3-BF4B-00C04F79EFBC}") = "Cardapio", "Cardapio\Cardapio.csproj", "{9A27966A-8B51-427D-A4A7-CF840A38DA73}"
EndProject
Global
	GlobalSection(SolutionConfigurationPlatforms) = preSolution
		Debug|Any CPU = Debug|Any CPU
		Release|Any CPU = Release|Any CPU
	EndGlobalSection
	GlobalSection(ProjectConfigurationPlatforms) = postSolution
		{9A27966A-8B51-427D-A4A7-CF840A38DA73}.Debug|Any CPU.ActiveCfg = Debug|Any CPU
		{9A27966A-8B51-427D-A4A7-CF840A38DA73}.Debug|Any CPU.Build.0 = Debug|Any CPU
		{9A27966A-8B51-427D-A4A7-CF840A38DA73}.Release|Any CPU.ActiveCfg = Release|Any CPU
		{9A27966A-8B51-427D-A4A7-CF840A38DA73}.Release|Any CPU.Build.0 = Release|Any CPU
	EndGlobalSection
	GlobalSection(SolutionProperties) = preSolution
		HideSolutionNode = FALSE
	EndGlobalSection
	GlobalSection(ExtensibilityGlobals) = postSolution
		SolutionGuid = {EEB62308-5F5A-4F95-8A08-9355F73E0EEE}
	EndGlobalSection
EndGlobal
